{
  "nodes": {
    "flake-utils": {
      "inputs": {
        "systems": "systems"
      },
      "locked": {
        "lastModified": 1731533236,
        "narHash": "sha256-l0KFg5HjrsfsO/JpG+r7fRrqm12kzFHyUHqHCVpMMbI=",
        "owner": "numtide",
        "repo": "flake-utils",
        "rev": "11707dc2f618dd54ca8739b309ec4fc024de578b",
        "type": "github"
      },
      "original": {
        "owner": "numtide",
        "repo": "flake-utils",
        "type": "github"
      }
    },
    "nixpkgs": {
      "locked": {
        "lastModified": 1739419412,
        "narHash": "sha256-NCWZQg4DbYVFWg+MOFrxWRaVsLA7yvRWAf6o0xPR1hI=",
        "owner": "nixos",
        "repo": "nixpkgs",
        "rev": "2d55b4c1531187926c2a423f6940b3b1301399b5",
        "type": "github"
      },
      "original": {
        "owner": "nixos",
        "ref": "nixpkgs-unstable",
        "repo": "nixpkgs",
        "type": "github"
      }
    },
    "nixpkgs-ancient-node": {
      "flake": false,
      "locked": {
        "lastModified": 1556992326,
        "narHash": "sha256-FLUwJcFtsEXi7mQeA93zMiqWrAXrU8qLN8fwLcLPtrs=",
        "owner": "nixos",
        "repo": "nixpkgs",
        "rev": "22f65339f3773f5b691f55b8b3a139e5582ae85b",
        "type": "github"
      },
      "original": {
        "owner": "nixos",
        "repo": "nixpkgs",
        "rev": "22f65339f3773f5b691f55b8b3a139e5582ae85b",
        "type": "github"
      }
    },
    "nixpkgs-ancient-ruby": {
      "flake": false,
      "locked": {
        "lastModified": 1582919030,
        "narHash": "sha256-7Y6DwJdQ2oOAmjEMpH//uPkJtmczE/9sExK9b0f1JYA=",
        "owner": "nixos",
        "repo": "nixpkgs",
        "rev": "df2176f7f3f748974f24916df29bb70763d89734",
        "type": "github"
      },
      "original": {
        "owner": "nixos",
        "repo": "nixpkgs",
        "rev": "df2176f7f3f748974f24916df29bb70763d89734",
        "type": "github"
      }
    },
    "root": {
      "inputs": {
        "flake-utils": "flake-utils",
        "nixpkgs": "nixpkgs",
        "nixpkgs-ancient-node": "nixpkgs-ancient-node",
        "nixpkgs-ancient-ruby": "nixpkgs-ancient-ruby"
      }
    },
    "systems": {
      "locked": {
        "lastModified": 1681028828,
        "narHash": "sha256-Vy1rq5AaRuLzOxct8nz4T6wlgyUR7zLU309k9mBC768=",
        "owner": "nix-systems",
        "repo": "default",
        "rev": "da67096a3b9bf56a91d16901293e51ba5b49a27e",
        "type": "github"
      },
      "original": {
        "owner": "nix-systems",
        "repo": "default",
        "type": "github"
      }
    }
  },
  "root": "root",
  "version": 7
}
