{
  "nodes": {
    "flake-utils": {
      "inputs": {
        "systems": "systems"
      },
      "locked": {
        "lastModified": 1701680307,
        "narHash": "sha256-kAuep2h5ajznlPMD9rnQyffWG8EM/C73lejGofXvdM8=",
        "owner": "numtide",
        "repo": "flake-utils",
        "rev": "4022d587cbbfd70fe950c1e2083a02621806a725",
        "type": "github"
      },
      "original": {
        "owner": "numtide",
        "repo": "flake-utils",
        "type": "github"
      }
    },
    "nixpkgs": {
      "locked": {
        "lastModified": 1703499205,
        "narHash": "sha256-lF9rK5mSUfIZJgZxC3ge40tp1gmyyOXZ+lRY3P8bfbg=",
        "owner": "nixos",
        "repo": "nixpkgs",
        "rev": "e1fa12d4f6c6fe19ccb59cac54b5b3f25e160870",
        "type": "github"
      },
      "original": {
        "owner": "nixos",
        "ref": "nixpkgs-unstable",
        "repo": "nixpkgs",
        "type": "github"
      }
    },
    "nixpkgs-old-node": {
      "flake": false,
      "locked": {
        "lastModified": 1556992326,
        "narHash": "sha256-FLUwJcFtsEXi7mQeA93zMiqWrAXrU8qLN8fwLcLPtrs=",
        "owner": "nixos",
        "repo": "nixpkgs",
        "rev": "22f65339f3773f5b691f55b8b3a139e5582ae85b",
        "type": "github"
      },
      "original": {
        "owner": "nixos",
        "repo": "nixpkgs",
        "rev": "22f65339f3773f5b691f55b8b3a139e5582ae85b",
        "type": "github"
      }
    },
    "nixpkgs-old-ruby": {
      "flake": false,
      "locked": {
        "lastModified": 1538837980,
        "narHash": "sha256-yXabL6neAycf9PQ8L6xR/3nI6xbEwpzyu4/G8wu7dTA=",
        "owner": "nixos",
        "repo": "nixpkgs",
        "rev": "0bcbb978795bab0f1a45accc211b8b0e349f1cdb",
        "type": "github"
      },
      "original": {
        "owner": "nixos",
        "repo": "nixpkgs",
        "rev": "0bcbb978795bab0f1a45accc211b8b0e349f1cdb",
        "type": "github"
      }
    },
    "root": {
      "inputs": {
        "flake-utils": "flake-utils",
        "nixpkgs": "nixpkgs",
        "nixpkgs-old-node": "nixpkgs-old-node",
        "nixpkgs-old-ruby": "nixpkgs-old-ruby"
      }
    },
    "systems": {
      "locked": {
        "lastModified": 1681028828,
        "narHash": "sha256-Vy1rq5AaRuLzOxct8nz4T6wlgyUR7zLU309k9mBC768=",
        "owner": "nix-systems",
        "repo": "default",
        "rev": "da67096a3b9bf56a91d16901293e51ba5b49a27e",
        "type": "github"
      },
      "original": {
        "owner": "nix-systems",
        "repo": "default",
        "type": "github"
      }
    }
  },
  "root": "root",
  "version": 7
}
