{
  "name": "@concord-consortium/lara-interactive-api",
  "version": "1.0.0",
  "lockfileVersion": 1,
  "requires": true,
  "dependencies": {
    "iframe-phone": {
      "version": "1.2.1",
      "resolved": "https://registry.npmjs.org/iframe-phone/-/iframe-phone-1.2.1.tgz",
      "integrity": "sha512-D84d9SIs16kJFmDZ3pns8Q0dFOZDSVBIUknxSVmwq4VoILNyQhKCJ4epy3b5b76mwbeewg4DQPaAgwQs/dFxRQ==",
      "dev": true
    }
  }
}
